
Microsoft Visual Studio Solution File, Format Version 12.00
# Visual Studio Version 16
VisualStudioVersion = 16.0.30907.101
MinimumVisualStudioVersion = 10.0.40219.1
Project("{FAE04EC0-301F-11D3-BF4B-00C04F79EFBC}") = "RayTracing_Project", "RayTracing_Project\RayTracing_Project.csproj", "{84BF14FC-953D-41D1-8FDE-4DC733390434}"
EndProject
Global
	GlobalSection(SolutionConfigurationPlatforms) = preSolution
		Debug|Any CPU = Debug|Any CPU
		Release|Any CPU = Release|Any CPU
	EndGlobalSection
	GlobalSection(ProjectConfigurationPlatforms) = postSolution
		{84BF14FC-953D-41D1-8FDE-4DC733390434}.Debug|Any CPU.ActiveCfg = Debug|Any CPU
		{84BF14FC-953D-41D1-8FDE-4DC733390434}.Debug|Any CPU.Build.0 = Debug|Any CPU
		{84BF14FC-953D-41D1-8FDE-4DC733390434}.Release|Any CPU.ActiveCfg = Release|Any CPU
		{84BF14FC-953D-41D1-8FDE-4DC733390434}.Release|Any CPU.Build.0 = Release|Any CPU
	EndGlobalSection
	GlobalSection(SolutionProperties) = preSolution
		HideSolutionNode = FALSE
	EndGlobalSection
	GlobalSection(ExtensibilityGlobals) = postSolution
		SolutionGuid = {0B158F46-18DE-420D-949A-3CAA887A4DE8}
	EndGlobalSection
EndGlobal
